
Microsoft Visual Studio Solution File, Format Version 12.00
# Visual Studio 15
VisualStudioVersion = 15.0.28307.168
MinimumVisualStudioVersion = 10.0.40219.1
Project("{FAE04EC0-301F-11D3-BF4B-00C04F79EFBC}") = "SweepStakes", "SweepStakes\SweepStakes.csproj", "{EA2936C1-AB2A-47BB-9EB4-C5F409E04D08}"
EndProject
Global
	GlobalSection(SolutionConfigurationPlatforms) = preSolution
		Debug|Any CPU = Debug|Any CPU
		Release|Any CPU = Release|Any CPU
	EndGlobalSection
	GlobalSection(ProjectConfigurationPlatforms) = postSolution
		{EA2936C1-AB2A-47BB-9EB4-C5F409E04D08}.Debug|Any CPU.ActiveCfg = Debug|Any CPU
		{EA2936C1-AB2A-47BB-9EB4-C5F409E04D08}.Debug|Any CPU.Build.0 = Debug|Any CPU
		{EA2936C1-AB2A-47BB-9EB4-C5F409E04D08}.Release|Any CPU.ActiveCfg = Release|Any CPU
		{EA2936C1-AB2A-47BB-9EB4-C5F409E04D08}.Release|Any CPU.Build.0 = Release|Any CPU
	EndGlobalSection
	GlobalSection(SolutionProperties) = preSolution
		HideSolutionNode = FALSE
	EndGlobalSection
	GlobalSection(ExtensibilityGlobals) = postSolution
		SolutionGuid = {45DB873A-E74B-4210-BACE-5262405D1FAD}
	EndGlobalSection
EndGlobal
